// !$*UTF8*$!
{
	archiveVersion = 1;
	classes = {
	};
	objectVersion = 56;
	objects = {

/* Begin PBXBuildFile section */
		26150E0F2B59433700E5059D /* Station.swift in Sources */ = {isa = PBXBuildFile; fileRef = 26150E0E2B59433700E5059D /* Station.swift */; };
		26150E112B59471E00E5059D /* SubRoute.swift in Sources */ = {isa = PBXBuildFile; fileRef = 26150E102B59471E00E5059D /* SubRoute.swift */; };
		26150E132B594BA000E5059D /* SearchRouteTableViewCell.swift in Sources */ = {isa = PBXBuildFile; fileRef = 26150E122B594BA000E5059D /* SearchRouteTableViewCell.swift */; };
		262F82402C54BA9900C4440F /* StationResponse.swift in Sources */ = {isa = PBXBuildFile; fileRef = 262F823F2C54BA9900C4440F /* StationResponse.swift */; };
		262F82432C54BBAC00C4440F /* RouteResponse.swift in Sources */ = {isa = PBXBuildFile; fileRef = 262F82422C54BBAC00C4440F /* RouteResponse.swift */; };
		262F82462C54C01A00C4440F /* NotiResponse.swift in Sources */ = {isa = PBXBuildFile; fileRef = 262F82452C54C01A00C4440F /* NotiResponse.swift */; };
		2647CE822B500677001208BE /* FavoriteRouteViewController.swift in Sources */ = {isa = PBXBuildFile; fileRef = 2647CE812B500677001208BE /* FavoriteRouteViewController.swift */; };
		2647CE862B5006B8001208BE /* PushAlarmViewController.swift in Sources */ = {isa = PBXBuildFile; fileRef = 2647CE852B5006B8001208BE /* PushAlarmViewController.swift */; };
		2647CE892B500F35001208BE /* FavoriteRouteTableViewCell.swift in Sources */ = {isa = PBXBuildFile; fileRef = 2647CE882B500F35001208BE /* FavoriteRouteTableViewCell.swift */; };
		267065262B3C997200F19EC3 /* FavoriteStationView.swift in Sources */ = {isa = PBXBuildFile; fileRef = 267065252B3C997200F19EC3 /* FavoriteStationView.swift */; };
		267065282B3C998A00F19EC3 /* FavoriteStationViewController.swift in Sources */ = {isa = PBXBuildFile; fileRef = 267065272B3C998A00F19EC3 /* FavoriteStationViewController.swift */; };
		2670652C2B3CA6B100F19EC3 /* HomeSearchStationView.swift in Sources */ = {isa = PBXBuildFile; fileRef = 2670652B2B3CA6B100F19EC3 /* HomeSearchStationView.swift */; };
		2670652E2B3CA6BC00F19EC3 /* HomeSearchStationViewController.swift in Sources */ = {isa = PBXBuildFile; fileRef = 2670652D2B3CA6BC00F19EC3 /* HomeSearchStationViewController.swift */; };
		267065302B3CA6E200F19EC3 /* SchoolSearchStationView.swift in Sources */ = {isa = PBXBuildFile; fileRef = 2670652F2B3CA6E200F19EC3 /* SchoolSearchStationView.swift */; };
		267065322B3CA70200F19EC3 /* SchoolSearchStationViewController.swift in Sources */ = {isa = PBXBuildFile; fileRef = 267065312B3CA70200F19EC3 /* SchoolSearchStationViewController.swift */; };
		267F3C452B3D6AE300E3CD29 /* BaseSearchStationViewController.swift in Sources */ = {isa = PBXBuildFile; fileRef = 267F3C442B3D6AE300E3CD29 /* BaseSearchStationViewController.swift */; };
		2698646F2B3DC77F003FE9FB /* LineNumMap.swift in Sources */ = {isa = PBXBuildFile; fileRef = 2698646E2B3DC77F003FE9FB /* LineNumMap.swift */; };
		26A0EF312B5A90B3003E11D6 /* SubRouteTextView.swift in Sources */ = {isa = PBXBuildFile; fileRef = 26A0EF302B5A90B3003E11D6 /* SubRouteTextView.swift */; };
		26A0EF342B5AA1B8003E11D6 /* SearchRouteProgressView.swift in Sources */ = {isa = PBXBuildFile; fileRef = 26A0EF332B5AA1B8003E11D6 /* SearchRouteProgressView.swift */; };
		26A0EF3A2B5D2D2C003E11D6 /* ProgressView.swift in Sources */ = {isa = PBXBuildFile; fileRef = 26A0EF392B5D2D2C003E11D6 /* ProgressView.swift */; };
		26A0EF3C2B5D58CE003E11D6 /* FavoriteRouteTextView.swift in Sources */ = {isa = PBXBuildFile; fileRef = 26A0EF3B2B5D58CE003E11D6 /* FavoriteRouteTextView.swift */; };
		26D7C3FA2C57DBCA002127C1 /* StationAPI.swift in Sources */ = {isa = PBXBuildFile; fileRef = 26D7C3F92C57DBCA002127C1 /* StationAPI.swift */; };
		26D7C3FC2C57DBDB002127C1 /* RouteAPI.swift in Sources */ = {isa = PBXBuildFile; fileRef = 26D7C3FB2C57DBDB002127C1 /* RouteAPI.swift */; };
		26D7C3FE2C57DBE7002127C1 /* NotiAPI.swift in Sources */ = {isa = PBXBuildFile; fileRef = 26D7C3FD2C57DBE7002127C1 /* NotiAPI.swift */; };
		26D7C4002C57DBF6002127C1 /* NotiService.swift in Sources */ = {isa = PBXBuildFile; fileRef = 26D7C3FF2C57DBF6002127C1 /* NotiService.swift */; };
		26D7C4022C57DC08002127C1 /* StationService.swift in Sources */ = {isa = PBXBuildFile; fileRef = 26D7C4012C57DC08002127C1 /* StationService.swift */; };
		26D7C4042C57DC11002127C1 /* RouteService.swift in Sources */ = {isa = PBXBuildFile; fileRef = 26D7C4032C57DC11002127C1 /* RouteService.swift */; };
		26D7C4092C5817BF002127C1 /* Noti.swift in Sources */ = {isa = PBXBuildFile; fileRef = 26D7C4082C5817BF002127C1 /* Noti.swift */; };
		26E664752B3C4C20002579C1 /* SourceSearchStationView.swift in Sources */ = {isa = PBXBuildFile; fileRef = 26E664742B3C4C20002579C1 /* SourceSearchStationView.swift */; };
		26E664772B3C4CFA002579C1 /* DestinationSearchStationView.swift in Sources */ = {isa = PBXBuildFile; fileRef = 26E664762B3C4CFA002579C1 /* DestinationSearchStationView.swift */; };
		26E664792B3C4D0A002579C1 /* DestinationSearchStationViewController.swift in Sources */ = {isa = PBXBuildFile; fileRef = 26E664782B3C4D0A002579C1 /* DestinationSearchStationViewController.swift */; };
		26EFA2982B4D5296003678C0 /* FavoriteRouteCollectionViewCell.swift in Sources */ = {isa = PBXBuildFile; fileRef = 26EFA2972B4D5296003678C0 /* FavoriteRouteCollectionViewCell.swift */; };
		26EFA29B2B4D65F1003678C0 /* RecentRouteCollectionViewCell.swift in Sources */ = {isa = PBXBuildFile; fileRef = 26EFA29A2B4D65F1003678C0 /* RecentRouteCollectionViewCell.swift */; };
		26EFA29D2B4D9D9B003678C0 /* RouteData.swift in Sources */ = {isa = PBXBuildFile; fileRef = 26EFA29C2B4D9D9B003678C0 /* RouteData.swift */; };
		26F3B4292B3C2B3800E7756F /* RouteButton.swift in Sources */ = {isa = PBXBuildFile; fileRef = 26F3B4282B3C2B3800E7756F /* RouteButton.swift */; };
		956382AE2B397568006B50ED /* SplashView.swift in Sources */ = {isa = PBXBuildFile; fileRef = 956382AD2B397568006B50ED /* SplashView.swift */; };
		956382B02B397570006B50ED /* SplashViewController.swift in Sources */ = {isa = PBXBuildFile; fileRef = 956382AF2B397570006B50ED /* SplashViewController.swift */; };
		956382B42B397581006B50ED /* StartSignInView.swift in Sources */ = {isa = PBXBuildFile; fileRef = 956382B32B397581006B50ED /* StartSignInView.swift */; };
		956382B62B39758A006B50ED /* StartSignInViewController.swift in Sources */ = {isa = PBXBuildFile; fileRef = 956382B52B39758A006B50ED /* StartSignInViewController.swift */; };
		956382BD2B3975A1006B50ED /* TimetableView.swift in Sources */ = {isa = PBXBuildFile; fileRef = 956382BC2B3975A1006B50ED /* TimetableView.swift */; };
		956382BF2B3975A8006B50ED /* TimetableViewController.swift in Sources */ = {isa = PBXBuildFile; fileRef = 956382BE2B3975A8006B50ED /* TimetableViewController.swift */; };
		956382C32B3975B7006B50ED /* NotificationViewController.swift in Sources */ = {isa = PBXBuildFile; fileRef = 956382C22B3975B7006B50ED /* NotificationViewController.swift */; };
		956382C52B3975BE006B50ED /* MyPageView.swift in Sources */ = {isa = PBXBuildFile; fileRef = 956382C42B3975BE006B50ED /* MyPageView.swift */; };
		956382C72B3975C7006B50ED /* MyPageViewController.swift in Sources */ = {isa = PBXBuildFile; fileRef = 956382C62B3975C7006B50ED /* MyPageViewController.swift */; };
		956382D22B39789D006B50ED /* TabBarViewController.swift in Sources */ = {isa = PBXBuildFile; fileRef = 956382D12B39789D006B50ED /* TabBarViewController.swift */; };
		956382D52B397968006B50ED /* MyRouteView.swift in Sources */ = {isa = PBXBuildFile; fileRef = 956382D42B397968006B50ED /* MyRouteView.swift */; };
		956382D72B397971006B50ED /* MyRouteViewController.swift in Sources */ = {isa = PBXBuildFile; fileRef = 956382D62B397971006B50ED /* MyRouteViewController.swift */; };
		956382DC2B397A07006B50ED /* HomeView.swift in Sources */ = {isa = PBXBuildFile; fileRef = 956382DB2B397A07006B50ED /* HomeView.swift */; };
		956382DE2B397A0E006B50ED /* HomeViewController.swift in Sources */ = {isa = PBXBuildFile; fileRef = 956382DD2B397A0E006B50ED /* HomeViewController.swift */; };
		956382E32B397A43006B50ED /* BaseSearchStationView.swift in Sources */ = {isa = PBXBuildFile; fileRef = 956382E22B397A43006B50ED /* BaseSearchStationView.swift */; };
		956382E52B397A4D006B50ED /* SourceSearchStationViewController.swift in Sources */ = {isa = PBXBuildFile; fileRef = 956382E42B397A4D006B50ED /* SourceSearchStationViewController.swift */; };
		956382E72B397A5A006B50ED /* SearchRouteView.swift in Sources */ = {isa = PBXBuildFile; fileRef = 956382E62B397A5A006B50ED /* SearchRouteView.swift */; };
		956382E92B397A66006B50ED /* SearchRouteViewController.swift in Sources */ = {isa = PBXBuildFile; fileRef = 956382E82B397A66006B50ED /* SearchRouteViewController.swift */; };
		956382F22B39855E006B50ED /* ImageLiteral.swift in Sources */ = {isa = PBXBuildFile; fileRef = 956382F12B39855E006B50ED /* ImageLiteral.swift */; };
		956382F42B398AEB006B50ED /* UIColor+Extension.swift in Sources */ = {isa = PBXBuildFile; fileRef = 956382F32B398AEB006B50ED /* UIColor+Extension.swift */; };
		956382F62B398B72006B50ED /* MakarColor.xcassets in Resources */ = {isa = PBXBuildFile; fileRef = 956382F52B398B72006B50ED /* MakarColor.xcassets */; };
		956382FA2B39A43E006B50ED /* BaseRouter.swift in Sources */ = {isa = PBXBuildFile; fileRef = 956382F92B39A43E006B50ED /* BaseRouter.swift */; };
		957F3CDF2C524B9800EA0AD2 /* UIStackView+Extension.swift in Sources */ = {isa = PBXBuildFile; fileRef = 957F3CDA2C524B9800EA0AD2 /* UIStackView+Extension.swift */; };
		957F3CE02C524B9800EA0AD2 /* UILabel+Extension.swift in Sources */ = {isa = PBXBuildFile; fileRef = 957F3CDB2C524B9800EA0AD2 /* UILabel+Extension.swift */; };
		957F3CE12C524B9800EA0AD2 /* UIButton+Extension.swift in Sources */ = {isa = PBXBuildFile; fileRef = 957F3CDC2C524B9800EA0AD2 /* UIButton+Extension.swift */; };
		957F3CE22C524B9800EA0AD2 /* UIView+Extension.swift in Sources */ = {isa = PBXBuildFile; fileRef = 957F3CDD2C524B9800EA0AD2 /* UIView+Extension.swift */; };
		957F3CE32C524B9800EA0AD2 /* UITextField+Extension.swift in Sources */ = {isa = PBXBuildFile; fileRef = 957F3CDE2C524B9800EA0AD2 /* UITextField+Extension.swift */; };
		957F3CE52C524C4C00EA0AD2 /* Metric.swift in Sources */ = {isa = PBXBuildFile; fileRef = 957F3CE42C524C4C00EA0AD2 /* Metric.swift */; };
		957F3CED2C53588100EA0AD2 /* SignUpTextField.swift in Sources */ = {isa = PBXBuildFile; fileRef = 957F3CEC2C53588100EA0AD2 /* SignUpTextField.swift */; };
		957F3D0C2C5792FD00EA0AD2 /* ErrorResponse.swift in Sources */ = {isa = PBXBuildFile; fileRef = 957F3D0B2C5792FD00EA0AD2 /* ErrorResponse.swift */; };
		957F3D0E2C57930600EA0AD2 /* BlankDataResponse.swift in Sources */ = {isa = PBXBuildFile; fileRef = 957F3D0D2C57930600EA0AD2 /* BlankDataResponse.swift */; };
		957F3D102C57931300EA0AD2 /* NetworkService.swift in Sources */ = {isa = PBXBuildFile; fileRef = 957F3D0F2C57931300EA0AD2 /* NetworkService.swift */; };
		957F3D122C57932300EA0AD2 /* NetworkResult.swift in Sources */ = {isa = PBXBuildFile; fileRef = 957F3D112C57932300EA0AD2 /* NetworkResult.swift */; };
		957F3D142C57932C00EA0AD2 /* NetworkLoggerPlugin.swift in Sources */ = {isa = PBXBuildFile; fileRef = 957F3D132C57932C00EA0AD2 /* NetworkLoggerPlugin.swift */; };
		957F3D172C57952200EA0AD2 /* URLConst.swift in Sources */ = {isa = PBXBuildFile; fileRef = 957F3D162C57952200EA0AD2 /* URLConst.swift */; };
		957F3D1E2C57970000EA0AD2 /* UserDefault.swift in Sources */ = {isa = PBXBuildFile; fileRef = 957F3D1D2C57970000EA0AD2 /* UserDefault.swift */; };
		957F3D202C57970700EA0AD2 /* UserDefaultHandler.swift in Sources */ = {isa = PBXBuildFile; fileRef = 957F3D1F2C57970700EA0AD2 /* UserDefaultHandler.swift */; };
		957F3D272C5798CD00EA0AD2 /* AuthAPI.swift in Sources */ = {isa = PBXBuildFile; fileRef = 957F3D262C5798CD00EA0AD2 /* AuthAPI.swift */; };
		957F3D292C5798D300EA0AD2 /* AuthResponse.swift in Sources */ = {isa = PBXBuildFile; fileRef = 957F3D282C5798D300EA0AD2 /* AuthResponse.swift */; };
		957F3D2B2C5798DE00EA0AD2 /* AuthService.swift in Sources */ = {isa = PBXBuildFile; fileRef = 957F3D2A2C5798DE00EA0AD2 /* AuthService.swift */; };
		957F3D592C58AC5600EA0AD2 /* DividerView.swift in Sources */ = {isa = PBXBuildFile; fileRef = 957F3D582C58AC5600EA0AD2 /* DividerView.swift */; };
		957F3D5D2C58ACD200EA0AD2 /* MyRouteInfoTableViewCell.swift in Sources */ = {isa = PBXBuildFile; fileRef = 957F3D5C2C58ACD200EA0AD2 /* MyRouteInfoTableViewCell.swift */; };
		957F3D632C58B95100EA0AD2 /* StationSearchBarButton.swift in Sources */ = {isa = PBXBuildFile; fileRef = 957F3D622C58B95100EA0AD2 /* StationSearchBarButton.swift */; };
		95A5D9DD2B58B4F8000A2A72 /* Toast in Frameworks */ = {isa = PBXBuildFile; productRef = 95A5D9DC2B58B4F8000A2A72 /* Toast */; };
		95B10F7C2B331350005319F6 /* AppDelegate.swift in Sources */ = {isa = PBXBuildFile; fileRef = 95B10F7B2B331350005319F6 /* AppDelegate.swift */; };
		95B10F7E2B331350005319F6 /* SceneDelegate.swift in Sources */ = {isa = PBXBuildFile; fileRef = 95B10F7D2B331350005319F6 /* SceneDelegate.swift */; };
		95B10F852B331351005319F6 /* Assets.xcassets in Resources */ = {isa = PBXBuildFile; fileRef = 95B10F842B331351005319F6 /* Assets.xcassets */; };
		95B10F882B331351005319F6 /* LaunchScreen.storyboard in Resources */ = {isa = PBXBuildFile; fileRef = 95B10F862B331351005319F6 /* LaunchScreen.storyboard */; };
		95B10F942B331501005319F6 /* ExampleAPI.swift in Sources */ = {isa = PBXBuildFile; fileRef = 95B10F932B331501005319F6 /* ExampleAPI.swift */; };
		95B10F962B331519005319F6 /* ExampleRequest.swift in Sources */ = {isa = PBXBuildFile; fileRef = 95B10F952B331519005319F6 /* ExampleRequest.swift */; };
		95B10F982B331534005319F6 /* RequestProvider.swift in Sources */ = {isa = PBXBuildFile; fileRef = 95B10F972B331534005319F6 /* RequestProvider.swift */; };
		95B10F9A2B331545005319F6 /* TargetType+Extension.swift in Sources */ = {isa = PBXBuildFile; fileRef = 95B10F992B331545005319F6 /* TargetType+Extension.swift */; };
		95B10FA12B3315A3005319F6 /* ExampleCustomView.swift in Sources */ = {isa = PBXBuildFile; fileRef = 95B10FA02B3315A3005319F6 /* ExampleCustomView.swift */; };
		95B10FA32B3315BB005319F6 /* ExampleViewController.swift in Sources */ = {isa = PBXBuildFile; fileRef = 95B10FA22B3315BB005319F6 /* ExampleViewController.swift */; };
		95B10FA52B3315C7005319F6 /* ExampleRouter.swift in Sources */ = {isa = PBXBuildFile; fileRef = 95B10FA42B3315C7005319F6 /* ExampleRouter.swift */; };
		95B10FA72B3315DD005319F6 /* BaseViewController.swift in Sources */ = {isa = PBXBuildFile; fileRef = 95B10FA62B3315DD005319F6 /* BaseViewController.swift */; };
		95B10FA92B3315EB005319F6 /* BaseView.swift in Sources */ = {isa = PBXBuildFile; fileRef = 95B10FA82B3315EB005319F6 /* BaseView.swift */; };
		95B10FAB2B3315F5005319F6 /* BaseButton.swift in Sources */ = {isa = PBXBuildFile; fileRef = 95B10FAA2B3315F5005319F6 /* BaseButton.swift */; };
		95B10FAD2B33165C005319F6 /* AppDependency.swift in Sources */ = {isa = PBXBuildFile; fileRef = 95B10FAC2B33165C005319F6 /* AppDependency.swift */; };
		95B10FB02B33169D005319F6 /* SnapKit in Frameworks */ = {isa = PBXBuildFile; productRef = 95B10FAF2B33169D005319F6 /* SnapKit */; };
		95B10FB32B3316E5005319F6 /* Then in Frameworks */ = {isa = PBXBuildFile; productRef = 95B10FB22B3316E5005319F6 /* Then */; };
		95B10FB62B331716005319F6 /* Moya in Frameworks */ = {isa = PBXBuildFile; productRef = 95B10FB52B331716005319F6 /* Moya */; };
		95C3F9442C4F752A001CEF8A /* SignInView.swift in Sources */ = {isa = PBXBuildFile; fileRef = 95C3F9432C4F752A001CEF8A /* SignInView.swift */; };
		95C3F9462C4F7536001CEF8A /* SignInViewController.swift in Sources */ = {isa = PBXBuildFile; fileRef = 95C3F9452C4F7536001CEF8A /* SignInViewController.swift */; };
		95C3F9482C4F7541001CEF8A /* SignUpView.swift in Sources */ = {isa = PBXBuildFile; fileRef = 95C3F9472C4F7541001CEF8A /* SignUpView.swift */; };
		95C3F94A2C4F754A001CEF8A /* SignUpViewController.swift in Sources */ = {isa = PBXBuildFile; fileRef = 95C3F9492C4F754A001CEF8A /* SignUpViewController.swift */; };
		95C3F94C2C4F776B001CEF8A /* (null) in Sources */ = {isa = PBXBuildFile; };
		95C3F9502C4F83CA001CEF8A /* (null) in Sources */ = {isa = PBXBuildFile; };
		95C3F9522C4F881A001CEF8A /* (null) in Sources */ = {isa = PBXBuildFile; };
		95C3F9542C4F8BE1001CEF8A /* (null) in Sources */ = {isa = PBXBuildFile; };
		95C3F9562C50BEAD001CEF8A /* (null) in Sources */ = {isa = PBXBuildFile; };
		95D0043B2B4BE220009D4DF3 /* MakarTableViewCell.swift in Sources */ = {isa = PBXBuildFile; fileRef = 95D0043A2B4BE220009D4DF3 /* MakarTableViewCell.swift */; };
		95D0043D2B4BE358009D4DF3 /* MakarNotiView.swift in Sources */ = {isa = PBXBuildFile; fileRef = 95D0043C2B4BE358009D4DF3 /* MakarNotiView.swift */; };
/* End PBXBuildFile section */

/* Begin PBXFileReference section */
		26150E0E2B59433700E5059D /* Station.swift */ = {isa = PBXFileReference; lastKnownFileType = sourcecode.swift; path = Station.swift; sourceTree = "<group>"; };
		26150E102B59471E00E5059D /* SubRoute.swift */ = {isa = PBXFileReference; lastKnownFileType = sourcecode.swift; path = SubRoute.swift; sourceTree = "<group>"; };
		26150E122B594BA000E5059D /* SearchRouteTableViewCell.swift */ = {isa = PBXFileReference; lastKnownFileType = sourcecode.swift; path = SearchRouteTableViewCell.swift; sourceTree = "<group>"; };
		262F823F2C54BA9900C4440F /* StationResponse.swift */ = {isa = PBXFileReference; lastKnownFileType = sourcecode.swift; path = StationResponse.swift; sourceTree = "<group>"; };
		262F82422C54BBAC00C4440F /* RouteResponse.swift */ = {isa = PBXFileReference; lastKnownFileType = sourcecode.swift; path = RouteResponse.swift; sourceTree = "<group>"; };
		262F82452C54C01A00C4440F /* NotiResponse.swift */ = {isa = PBXFileReference; lastKnownFileType = sourcecode.swift; path = NotiResponse.swift; sourceTree = "<group>"; };
		2647CE812B500677001208BE /* FavoriteRouteViewController.swift */ = {isa = PBXFileReference; lastKnownFileType = sourcecode.swift; path = FavoriteRouteViewController.swift; sourceTree = "<group>"; };
		2647CE852B5006B8001208BE /* PushAlarmViewController.swift */ = {isa = PBXFileReference; lastKnownFileType = sourcecode.swift; path = PushAlarmViewController.swift; sourceTree = "<group>"; };
		2647CE882B500F35001208BE /* FavoriteRouteTableViewCell.swift */ = {isa = PBXFileReference; lastKnownFileType = sourcecode.swift; path = FavoriteRouteTableViewCell.swift; sourceTree = "<group>"; };
		267065252B3C997200F19EC3 /* FavoriteStationView.swift */ = {isa = PBXFileReference; lastKnownFileType = sourcecode.swift; path = FavoriteStationView.swift; sourceTree = "<group>"; };
		267065272B3C998A00F19EC3 /* FavoriteStationViewController.swift */ = {isa = PBXFileReference; lastKnownFileType = sourcecode.swift; path = FavoriteStationViewController.swift; sourceTree = "<group>"; };
		2670652B2B3CA6B100F19EC3 /* HomeSearchStationView.swift */ = {isa = PBXFileReference; lastKnownFileType = sourcecode.swift; path = HomeSearchStationView.swift; sourceTree = "<group>"; };
		2670652D2B3CA6BC00F19EC3 /* HomeSearchStationViewController.swift */ = {isa = PBXFileReference; lastKnownFileType = sourcecode.swift; path = HomeSearchStationViewController.swift; sourceTree = "<group>"; };
		2670652F2B3CA6E200F19EC3 /* SchoolSearchStationView.swift */ = {isa = PBXFileReference; lastKnownFileType = sourcecode.swift; path = SchoolSearchStationView.swift; sourceTree = "<group>"; };
		267065312B3CA70200F19EC3 /* SchoolSearchStationViewController.swift */ = {isa = PBXFileReference; lastKnownFileType = sourcecode.swift; path = SchoolSearchStationViewController.swift; sourceTree = "<group>"; };
		267F3C442B3D6AE300E3CD29 /* BaseSearchStationViewController.swift */ = {isa = PBXFileReference; lastKnownFileType = sourcecode.swift; path = BaseSearchStationViewController.swift; sourceTree = "<group>"; };
		2698646E2B3DC77F003FE9FB /* LineNumMap.swift */ = {isa = PBXFileReference; lastKnownFileType = sourcecode.swift; path = LineNumMap.swift; sourceTree = "<group>"; };
		26A0EF302B5A90B3003E11D6 /* SubRouteTextView.swift */ = {isa = PBXFileReference; lastKnownFileType = sourcecode.swift; path = SubRouteTextView.swift; sourceTree = "<group>"; };
		26A0EF332B5AA1B8003E11D6 /* SearchRouteProgressView.swift */ = {isa = PBXFileReference; lastKnownFileType = sourcecode.swift; path = SearchRouteProgressView.swift; sourceTree = "<group>"; };
		26A0EF392B5D2D2C003E11D6 /* ProgressView.swift */ = {isa = PBXFileReference; lastKnownFileType = sourcecode.swift; path = ProgressView.swift; sourceTree = "<group>"; };
		26A0EF3B2B5D58CE003E11D6 /* FavoriteRouteTextView.swift */ = {isa = PBXFileReference; lastKnownFileType = sourcecode.swift; path = FavoriteRouteTextView.swift; sourceTree = "<group>"; };
		26D7C3F92C57DBCA002127C1 /* StationAPI.swift */ = {isa = PBXFileReference; lastKnownFileType = sourcecode.swift; path = StationAPI.swift; sourceTree = "<group>"; };
		26D7C3FB2C57DBDB002127C1 /* RouteAPI.swift */ = {isa = PBXFileReference; lastKnownFileType = sourcecode.swift; path = RouteAPI.swift; sourceTree = "<group>"; };
		26D7C3FD2C57DBE7002127C1 /* NotiAPI.swift */ = {isa = PBXFileReference; lastKnownFileType = sourcecode.swift; path = NotiAPI.swift; sourceTree = "<group>"; };
		26D7C3FF2C57DBF6002127C1 /* NotiService.swift */ = {isa = PBXFileReference; lastKnownFileType = sourcecode.swift; path = NotiService.swift; sourceTree = "<group>"; };
		26D7C4012C57DC08002127C1 /* StationService.swift */ = {isa = PBXFileReference; lastKnownFileType = sourcecode.swift; path = StationService.swift; sourceTree = "<group>"; };
		26D7C4032C57DC11002127C1 /* RouteService.swift */ = {isa = PBXFileReference; lastKnownFileType = sourcecode.swift; path = RouteService.swift; sourceTree = "<group>"; };
		26D7C4082C5817BF002127C1 /* Noti.swift */ = {isa = PBXFileReference; lastKnownFileType = sourcecode.swift; path = Noti.swift; sourceTree = "<group>"; };
		26E664742B3C4C20002579C1 /* SourceSearchStationView.swift */ = {isa = PBXFileReference; lastKnownFileType = sourcecode.swift; path = SourceSearchStationView.swift; sourceTree = "<group>"; };
		26E664762B3C4CFA002579C1 /* DestinationSearchStationView.swift */ = {isa = PBXFileReference; lastKnownFileType = sourcecode.swift; path = DestinationSearchStationView.swift; sourceTree = "<group>"; };
		26E664782B3C4D0A002579C1 /* DestinationSearchStationViewController.swift */ = {isa = PBXFileReference; lastKnownFileType = sourcecode.swift; path = DestinationSearchStationViewController.swift; sourceTree = "<group>"; };
		26EFA2972B4D5296003678C0 /* FavoriteRouteCollectionViewCell.swift */ = {isa = PBXFileReference; lastKnownFileType = sourcecode.swift; path = FavoriteRouteCollectionViewCell.swift; sourceTree = "<group>"; };
		26EFA29A2B4D65F1003678C0 /* RecentRouteCollectionViewCell.swift */ = {isa = PBXFileReference; lastKnownFileType = sourcecode.swift; path = RecentRouteCollectionViewCell.swift; sourceTree = "<group>"; };
		26EFA29C2B4D9D9B003678C0 /* RouteData.swift */ = {isa = PBXFileReference; lastKnownFileType = sourcecode.swift; path = RouteData.swift; sourceTree = "<group>"; };
		26F3B4282B3C2B3800E7756F /* RouteButton.swift */ = {isa = PBXFileReference; lastKnownFileType = sourcecode.swift; path = RouteButton.swift; sourceTree = "<group>"; };
		956382AD2B397568006B50ED /* SplashView.swift */ = {isa = PBXFileReference; lastKnownFileType = sourcecode.swift; path = SplashView.swift; sourceTree = "<group>"; };
		956382AF2B397570006B50ED /* SplashViewController.swift */ = {isa = PBXFileReference; lastKnownFileType = sourcecode.swift; path = SplashViewController.swift; sourceTree = "<group>"; };
		956382B32B397581006B50ED /* StartSignInView.swift */ = {isa = PBXFileReference; lastKnownFileType = sourcecode.swift; path = StartSignInView.swift; sourceTree = "<group>"; };
		956382B52B39758A006B50ED /* StartSignInViewController.swift */ = {isa = PBXFileReference; lastKnownFileType = sourcecode.swift; path = StartSignInViewController.swift; sourceTree = "<group>"; };
		956382BC2B3975A1006B50ED /* TimetableView.swift */ = {isa = PBXFileReference; lastKnownFileType = sourcecode.swift; path = TimetableView.swift; sourceTree = "<group>"; };
		956382BE2B3975A8006B50ED /* TimetableViewController.swift */ = {isa = PBXFileReference; lastKnownFileType = sourcecode.swift; path = TimetableViewController.swift; sourceTree = "<group>"; };
		956382C22B3975B7006B50ED /* NotificationViewController.swift */ = {isa = PBXFileReference; lastKnownFileType = sourcecode.swift; path = NotificationViewController.swift; sourceTree = "<group>"; };
		956382C42B3975BE006B50ED /* MyPageView.swift */ = {isa = PBXFileReference; lastKnownFileType = sourcecode.swift; path = MyPageView.swift; sourceTree = "<group>"; };
		956382C62B3975C7006B50ED /* MyPageViewController.swift */ = {isa = PBXFileReference; lastKnownFileType = sourcecode.swift; path = MyPageViewController.swift; sourceTree = "<group>"; };
		956382D12B39789D006B50ED /* TabBarViewController.swift */ = {isa = PBXFileReference; lastKnownFileType = sourcecode.swift; path = TabBarViewController.swift; sourceTree = "<group>"; };
		956382D42B397968006B50ED /* MyRouteView.swift */ = {isa = PBXFileReference; lastKnownFileType = sourcecode.swift; path = MyRouteView.swift; sourceTree = "<group>"; };
		956382D62B397971006B50ED /* MyRouteViewController.swift */ = {isa = PBXFileReference; lastKnownFileType = sourcecode.swift; path = MyRouteViewController.swift; sourceTree = "<group>"; };
		956382DB2B397A07006B50ED /* HomeView.swift */ = {isa = PBXFileReference; lastKnownFileType = sourcecode.swift; path = HomeView.swift; sourceTree = "<group>"; };
		956382DD2B397A0E006B50ED /* HomeViewController.swift */ = {isa = PBXFileReference; lastKnownFileType = sourcecode.swift; path = HomeViewController.swift; sourceTree = "<group>"; };
		956382E22B397A43006B50ED /* BaseSearchStationView.swift */ = {isa = PBXFileReference; lastKnownFileType = sourcecode.swift; path = BaseSearchStationView.swift; sourceTree = "<group>"; };
		956382E42B397A4D006B50ED /* SourceSearchStationViewController.swift */ = {isa = PBXFileReference; lastKnownFileType = sourcecode.swift; path = SourceSearchStationViewController.swift; sourceTree = "<group>"; };
		956382E62B397A5A006B50ED /* SearchRouteView.swift */ = {isa = PBXFileReference; lastKnownFileType = sourcecode.swift; path = SearchRouteView.swift; sourceTree = "<group>"; };
		956382E82B397A66006B50ED /* SearchRouteViewController.swift */ = {isa = PBXFileReference; lastKnownFileType = sourcecode.swift; path = SearchRouteViewController.swift; sourceTree = "<group>"; };
		956382F12B39855E006B50ED /* ImageLiteral.swift */ = {isa = PBXFileReference; lastKnownFileType = sourcecode.swift; path = ImageLiteral.swift; sourceTree = "<group>"; };
		956382F32B398AEB006B50ED /* UIColor+Extension.swift */ = {isa = PBXFileReference; lastKnownFileType = sourcecode.swift; path = "UIColor+Extension.swift"; sourceTree = "<group>"; };
		956382F52B398B72006B50ED /* MakarColor.xcassets */ = {isa = PBXFileReference; lastKnownFileType = folder.assetcatalog; path = MakarColor.xcassets; sourceTree = "<group>"; };
		956382F92B39A43E006B50ED /* BaseRouter.swift */ = {isa = PBXFileReference; lastKnownFileType = sourcecode.swift; path = BaseRouter.swift; sourceTree = "<group>"; };
		957F3CDA2C524B9800EA0AD2 /* UIStackView+Extension.swift */ = {isa = PBXFileReference; fileEncoding = 4; lastKnownFileType = sourcecode.swift; path = "UIStackView+Extension.swift"; sourceTree = "<group>"; };
		957F3CDB2C524B9800EA0AD2 /* UILabel+Extension.swift */ = {isa = PBXFileReference; fileEncoding = 4; lastKnownFileType = sourcecode.swift; path = "UILabel+Extension.swift"; sourceTree = "<group>"; };
		957F3CDC2C524B9800EA0AD2 /* UIButton+Extension.swift */ = {isa = PBXFileReference; fileEncoding = 4; lastKnownFileType = sourcecode.swift; path = "UIButton+Extension.swift"; sourceTree = "<group>"; };
		957F3CDD2C524B9800EA0AD2 /* UIView+Extension.swift */ = {isa = PBXFileReference; fileEncoding = 4; lastKnownFileType = sourcecode.swift; path = "UIView+Extension.swift"; sourceTree = "<group>"; };
		957F3CDE2C524B9800EA0AD2 /* UITextField+Extension.swift */ = {isa = PBXFileReference; fileEncoding = 4; lastKnownFileType = sourcecode.swift; path = "UITextField+Extension.swift"; sourceTree = "<group>"; };
		957F3CE42C524C4C00EA0AD2 /* Metric.swift */ = {isa = PBXFileReference; lastKnownFileType = sourcecode.swift; path = Metric.swift; sourceTree = "<group>"; };
		957F3CEC2C53588100EA0AD2 /* SignUpTextField.swift */ = {isa = PBXFileReference; lastKnownFileType = sourcecode.swift; path = SignUpTextField.swift; sourceTree = "<group>"; };
		957F3D0B2C5792FD00EA0AD2 /* ErrorResponse.swift */ = {isa = PBXFileReference; lastKnownFileType = sourcecode.swift; path = ErrorResponse.swift; sourceTree = "<group>"; };
		957F3D0D2C57930600EA0AD2 /* BlankDataResponse.swift */ = {isa = PBXFileReference; lastKnownFileType = sourcecode.swift; path = BlankDataResponse.swift; sourceTree = "<group>"; };
		957F3D0F2C57931300EA0AD2 /* NetworkService.swift */ = {isa = PBXFileReference; lastKnownFileType = sourcecode.swift; path = NetworkService.swift; sourceTree = "<group>"; };
		957F3D112C57932300EA0AD2 /* NetworkResult.swift */ = {isa = PBXFileReference; lastKnownFileType = sourcecode.swift; path = NetworkResult.swift; sourceTree = "<group>"; };
		957F3D132C57932C00EA0AD2 /* NetworkLoggerPlugin.swift */ = {isa = PBXFileReference; lastKnownFileType = sourcecode.swift; path = NetworkLoggerPlugin.swift; sourceTree = "<group>"; };
		957F3D162C57952200EA0AD2 /* URLConst.swift */ = {isa = PBXFileReference; lastKnownFileType = sourcecode.swift; path = URLConst.swift; sourceTree = "<group>"; };
		957F3D1D2C57970000EA0AD2 /* UserDefault.swift */ = {isa = PBXFileReference; lastKnownFileType = sourcecode.swift; path = UserDefault.swift; sourceTree = "<group>"; };
		957F3D1F2C57970700EA0AD2 /* UserDefaultHandler.swift */ = {isa = PBXFileReference; lastKnownFileType = sourcecode.swift; path = UserDefaultHandler.swift; sourceTree = "<group>"; };
		957F3D262C5798CD00EA0AD2 /* AuthAPI.swift */ = {isa = PBXFileReference; lastKnownFileType = sourcecode.swift; path = AuthAPI.swift; sourceTree = "<group>"; };
		957F3D282C5798D300EA0AD2 /* AuthResponse.swift */ = {isa = PBXFileReference; lastKnownFileType = sourcecode.swift; path = AuthResponse.swift; sourceTree = "<group>"; };
		957F3D2A2C5798DE00EA0AD2 /* AuthService.swift */ = {isa = PBXFileReference; lastKnownFileType = sourcecode.swift; path = AuthService.swift; sourceTree = "<group>"; };
		957F3D582C58AC5600EA0AD2 /* DividerView.swift */ = {isa = PBXFileReference; lastKnownFileType = sourcecode.swift; path = DividerView.swift; sourceTree = "<group>"; };
		957F3D5C2C58ACD200EA0AD2 /* MyRouteInfoTableViewCell.swift */ = {isa = PBXFileReference; lastKnownFileType = sourcecode.swift; path = MyRouteInfoTableViewCell.swift; sourceTree = "<group>"; };
		957F3D622C58B95100EA0AD2 /* StationSearchBarButton.swift */ = {isa = PBXFileReference; lastKnownFileType = sourcecode.swift; path = StationSearchBarButton.swift; sourceTree = "<group>"; };
		95B10F782B331350005319F6 /* MAKAR.app */ = {isa = PBXFileReference; explicitFileType = wrapper.application; includeInIndex = 0; path = MAKAR.app; sourceTree = BUILT_PRODUCTS_DIR; };
		95B10F7B2B331350005319F6 /* AppDelegate.swift */ = {isa = PBXFileReference; lastKnownFileType = sourcecode.swift; path = AppDelegate.swift; sourceTree = "<group>"; };
		95B10F7D2B331350005319F6 /* SceneDelegate.swift */ = {isa = PBXFileReference; lastKnownFileType = sourcecode.swift; path = SceneDelegate.swift; sourceTree = "<group>"; };
		95B10F842B331351005319F6 /* Assets.xcassets */ = {isa = PBXFileReference; lastKnownFileType = folder.assetcatalog; path = Assets.xcassets; sourceTree = "<group>"; };
		95B10F872B331351005319F6 /* Base */ = {isa = PBXFileReference; lastKnownFileType = file.storyboard; name = Base; path = Base.lproj/LaunchScreen.storyboard; sourceTree = "<group>"; };
		95B10F892B331351005319F6 /* Info.plist */ = {isa = PBXFileReference; lastKnownFileType = text.plist.xml; path = Info.plist; sourceTree = "<group>"; };
		95B10F932B331501005319F6 /* ExampleAPI.swift */ = {isa = PBXFileReference; lastKnownFileType = sourcecode.swift; path = ExampleAPI.swift; sourceTree = "<group>"; };
		95B10F952B331519005319F6 /* ExampleRequest.swift */ = {isa = PBXFileReference; lastKnownFileType = sourcecode.swift; path = ExampleRequest.swift; sourceTree = "<group>"; };
		95B10F972B331534005319F6 /* RequestProvider.swift */ = {isa = PBXFileReference; lastKnownFileType = sourcecode.swift; path = RequestProvider.swift; sourceTree = "<group>"; };
		95B10F992B331545005319F6 /* TargetType+Extension.swift */ = {isa = PBXFileReference; lastKnownFileType = sourcecode.swift; path = "TargetType+Extension.swift"; sourceTree = "<group>"; };
		95B10FA02B3315A3005319F6 /* ExampleCustomView.swift */ = {isa = PBXFileReference; lastKnownFileType = sourcecode.swift; path = ExampleCustomView.swift; sourceTree = "<group>"; };
		95B10FA22B3315BB005319F6 /* ExampleViewController.swift */ = {isa = PBXFileReference; lastKnownFileType = sourcecode.swift; path = ExampleViewController.swift; sourceTree = "<group>"; };
		95B10FA42B3315C7005319F6 /* ExampleRouter.swift */ = {isa = PBXFileReference; lastKnownFileType = sourcecode.swift; path = ExampleRouter.swift; sourceTree = "<group>"; };
		95B10FA62B3315DD005319F6 /* BaseViewController.swift */ = {isa = PBXFileReference; lastKnownFileType = sourcecode.swift; path = BaseViewController.swift; sourceTree = "<group>"; };
		95B10FA82B3315EB005319F6 /* BaseView.swift */ = {isa = PBXFileReference; lastKnownFileType = sourcecode.swift; path = BaseView.swift; sourceTree = "<group>"; };
		95B10FAA2B3315F5005319F6 /* BaseButton.swift */ = {isa = PBXFileReference; lastKnownFileType = sourcecode.swift; path = BaseButton.swift; sourceTree = "<group>"; };
		95B10FAC2B33165C005319F6 /* AppDependency.swift */ = {isa = PBXFileReference; lastKnownFileType = sourcecode.swift; path = AppDependency.swift; sourceTree = "<group>"; };
		95C3F9432C4F752A001CEF8A /* SignInView.swift */ = {isa = PBXFileReference; lastKnownFileType = sourcecode.swift; path = SignInView.swift; sourceTree = "<group>"; };
		95C3F9452C4F7536001CEF8A /* SignInViewController.swift */ = {isa = PBXFileReference; lastKnownFileType = sourcecode.swift; path = SignInViewController.swift; sourceTree = "<group>"; };
		95C3F9472C4F7541001CEF8A /* SignUpView.swift */ = {isa = PBXFileReference; lastKnownFileType = sourcecode.swift; path = SignUpView.swift; sourceTree = "<group>"; };
		95C3F9492C4F754A001CEF8A /* SignUpViewController.swift */ = {isa = PBXFileReference; lastKnownFileType = sourcecode.swift; path = SignUpViewController.swift; sourceTree = "<group>"; };
		95D0043A2B4BE220009D4DF3 /* MakarTableViewCell.swift */ = {isa = PBXFileReference; lastKnownFileType = sourcecode.swift; path = MakarTableViewCell.swift; sourceTree = "<group>"; };
		95D0043C2B4BE358009D4DF3 /* MakarNotiView.swift */ = {isa = PBXFileReference; lastKnownFileType = sourcecode.swift; path = MakarNotiView.swift; sourceTree = "<group>"; };
/* End PBXFileReference section */

/* Begin PBXFrameworksBuildPhase section */
		95B10F752B331350005319F6 /* Frameworks */ = {
			isa = PBXFrameworksBuildPhase;
			buildActionMask = 2147483647;
			files = (
				95A5D9DD2B58B4F8000A2A72 /* Toast in Frameworks */,
				95B10FB02B33169D005319F6 /* SnapKit in Frameworks */,
				95B10FB32B3316E5005319F6 /* Then in Frameworks */,
				95B10FB62B331716005319F6 /* Moya in Frameworks */,
			);
			runOnlyForDeploymentPostprocessing = 0;
		};
/* End PBXFrameworksBuildPhase section */

/* Begin PBXGroup section */
		262F823E2C54BA8B00C4440F /* Station */ = {
			isa = PBXGroup;
			children = (
				262F823F2C54BA9900C4440F /* StationResponse.swift */,
				26D7C3F92C57DBCA002127C1 /* StationAPI.swift */,
				26D7C4012C57DC08002127C1 /* StationService.swift */,
			);
			path = Station;
			sourceTree = "<group>";
		};
		262F82412C54BBA200C4440F /* Route */ = {
			isa = PBXGroup;
			children = (
				262F82422C54BBAC00C4440F /* RouteResponse.swift */,
				26D7C3FB2C57DBDB002127C1 /* RouteAPI.swift */,
				26D7C4032C57DC11002127C1 /* RouteService.swift */,
			);
			path = Route;
			sourceTree = "<group>";
		};
		262F82442C54C00F00C4440F /* Noti */ = {
			isa = PBXGroup;
			children = (
				262F82452C54C01A00C4440F /* NotiResponse.swift */,
				26D7C3FD2C57DBE7002127C1 /* NotiAPI.swift */,
				26D7C3FF2C57DBF6002127C1 /* NotiService.swift */,
			);
			path = Noti;
			sourceTree = "<group>";
		};
		2647CE802B50065F001208BE /* FavoriteRoute */ = {
			isa = PBXGroup;
			children = (
				2647CE812B500677001208BE /* FavoriteRouteViewController.swift */,
				2647CE882B500F35001208BE /* FavoriteRouteTableViewCell.swift */,
				26A0EF3B2B5D58CE003E11D6 /* FavoriteRouteTextView.swift */,
			);
			path = FavoriteRoute;
			sourceTree = "<group>";
		};
		2647CE872B5006BF001208BE /* PushAlarm */ = {
			isa = PBXGroup;
			children = (
				2647CE852B5006B8001208BE /* PushAlarmViewController.swift */,
			);
			path = PushAlarm;
			sourceTree = "<group>";
		};
		267065292B3CA68000F19EC3 /* FavoriteStation */ = {
			isa = PBXGroup;
			children = (
				2670652A2B3CA6A000F19EC3 /* SearchStation */,
				267065252B3C997200F19EC3 /* FavoriteStationView.swift */,
				267065272B3C998A00F19EC3 /* FavoriteStationViewController.swift */,
			);
			path = FavoriteStation;
			sourceTree = "<group>";
		};
		2670652A2B3CA6A000F19EC3 /* SearchStation */ = {
			isa = PBXGroup;
			children = (
				2670652B2B3CA6B100F19EC3 /* HomeSearchStationView.swift */,
				2670652D2B3CA6BC00F19EC3 /* HomeSearchStationViewController.swift */,
				2670652F2B3CA6E200F19EC3 /* SchoolSearchStationView.swift */,
				267065312B3CA70200F19EC3 /* SchoolSearchStationViewController.swift */,
			);
			path = SearchStation;
			sourceTree = "<group>";
		};
		267F3C462B3D6B2B00E3CD29 /* SearchStation */ = {
			isa = PBXGroup;
			children = (
				956382E22B397A43006B50ED /* BaseSearchStationView.swift */,
				267F3C442B3D6AE300E3CD29 /* BaseSearchStationViewController.swift */,
			);
			path = SearchStation;
			sourceTree = "<group>";
		};
		26A0EF322B5A90BB003E11D6 /* Cell */ = {
			isa = PBXGroup;
			children = (
				26150E122B594BA000E5059D /* SearchRouteTableViewCell.swift */,
				26A0EF302B5A90B3003E11D6 /* SubRouteTextView.swift */,
				26A0EF332B5AA1B8003E11D6 /* SearchRouteProgressView.swift */,
				26A0EF392B5D2D2C003E11D6 /* ProgressView.swift */,
			);
			path = Cell;
			sourceTree = "<group>";
		};
		26D7C3F62C57DA35002127C1 /* Recovered References */ = {
			isa = PBXGroup;
			children = (
			);
			name = "Recovered References";
			sourceTree = "<group>";
		};
		26EFA2992B4D65E2003678C0 /* Cell */ = {
			isa = PBXGroup;
			children = (
				26EFA2972B4D5296003678C0 /* FavoriteRouteCollectionViewCell.swift */,
				26EFA29A2B4D65F1003678C0 /* RecentRouteCollectionViewCell.swift */,
			);
			path = Cell;
			sourceTree = "<group>";
		};
		956382A82B3974ED006B50ED /* Timetable */ = {
			isa = PBXGroup;
			children = (
				956382BC2B3975A1006B50ED /* TimetableView.swift */,
				956382BE2B3975A8006B50ED /* TimetableViewController.swift */,
			);
			path = Timetable;
			sourceTree = "<group>";
		};
		956382A92B3974FF006B50ED /* Notification */ = {
			isa = PBXGroup;
			children = (
				956382C22B3975B7006B50ED /* NotificationViewController.swift */,
				95D0043C2B4BE358009D4DF3 /* MakarNotiView.swift */,
				95D0043A2B4BE220009D4DF3 /* MakarTableViewCell.swift */,
			);
			path = Notification;
			sourceTree = "<group>";
		};
		956382AA2B39750B006B50ED /* MyPage */ = {
			isa = PBXGroup;
			children = (
				2647CE872B5006BF001208BE /* PushAlarm */,
				2647CE802B50065F001208BE /* FavoriteRoute */,
				267065292B3CA68000F19EC3 /* FavoriteStation */,
				956382C42B3975BE006B50ED /* MyPageView.swift */,
				956382C62B3975C7006B50ED /* MyPageViewController.swift */,
			);
			path = MyPage;
			sourceTree = "<group>";
		};
		956382AB2B39752D006B50ED /* Splash */ = {
			isa = PBXGroup;
			children = (
				956382AD2B397568006B50ED /* SplashView.swift */,
				956382AF2B397570006B50ED /* SplashViewController.swift */,
			);
			path = Splash;
			sourceTree = "<group>";
		};
		956382CE2B39787E006B50ED /* TabBar */ = {
			isa = PBXGroup;
			children = (
				956382D12B39789D006B50ED /* TabBarViewController.swift */,
			);
			path = TabBar;
			sourceTree = "<group>";
		};
		956382D32B397957006B50ED /* MyRoute */ = {
			isa = PBXGroup;
			children = (
				956382D42B397968006B50ED /* MyRouteView.swift */,
				956382D62B397971006B50ED /* MyRouteViewController.swift */,
				957F3D5B2C58ACB800EA0AD2 /* Cell */,
			);
			path = MyRoute;
			sourceTree = "<group>";
		};
		956382DA2B3979FC006B50ED /* Home */ = {
			isa = PBXGroup;
			children = (
				26EFA2992B4D65E2003678C0 /* Cell */,
				956382DB2B397A07006B50ED /* HomeView.swift */,
				956382DD2B397A0E006B50ED /* HomeViewController.swift */,
			);
			path = Home;
			sourceTree = "<group>";
		};
		956382DF2B397A11006B50ED /* Search */ = {
			isa = PBXGroup;
			children = (
				956382E02B397A1B006B50ED /* SearchStation */,
				956382E12B397A22006B50ED /* SearchRoute */,
			);
			path = Search;
			sourceTree = "<group>";
		};
		956382E02B397A1B006B50ED /* SearchStation */ = {
			isa = PBXGroup;
			children = (
				956382E42B397A4D006B50ED /* SourceSearchStationViewController.swift */,
				26E664742B3C4C20002579C1 /* SourceSearchStationView.swift */,
				26E664762B3C4CFA002579C1 /* DestinationSearchStationView.swift */,
				26E664782B3C4D0A002579C1 /* DestinationSearchStationViewController.swift */,
			);
			path = SearchStation;
			sourceTree = "<group>";
		};
		956382E12B397A22006B50ED /* SearchRoute */ = {
			isa = PBXGroup;
			children = (
				26A0EF322B5A90BB003E11D6 /* Cell */,
				956382E62B397A5A006B50ED /* SearchRouteView.swift */,
				956382E82B397A66006B50ED /* SearchRouteViewController.swift */,
			);
			path = SearchRoute;
			sourceTree = "<group>";
		};
		956382F02B398551006B50ED /* Extension */ = {
			isa = PBXGroup;
			children = (
				957F3D522C58ABF200EA0AD2 /* UIKit+Extension */,
				957F3D532C58ABFF00EA0AD2 /* Route */,
				957F3CE42C524C4C00EA0AD2 /* Metric.swift */,
				956382F12B39855E006B50ED /* ImageLiteral.swift */,
				95B10F9E2B331587005319F6 /* Base */,
				956382F52B398B72006B50ED /* MakarColor.xcassets */,
				26D7C4082C5817BF002127C1 /* Noti.swift */,
			);
			path = Extension;
			sourceTree = "<group>";
		};
		957F3D182C57958600EA0AD2 /* EtcResponse */ = {
			isa = PBXGroup;
			children = (
				957F3D0B2C5792FD00EA0AD2 /* ErrorResponse.swift */,
				957F3D0D2C57930600EA0AD2 /* BlankDataResponse.swift */,
			);
			path = EtcResponse;
			sourceTree = "<group>";
		};
		957F3D192C5795A600EA0AD2 /* LoggerPlugin */ = {
			isa = PBXGroup;
			children = (
				957F3D132C57932C00EA0AD2 /* NetworkLoggerPlugin.swift */,
			);
			path = LoggerPlugin;
			sourceTree = "<group>";
		};
		957F3D1A2C57961300EA0AD2 /* Network */ = {
			isa = PBXGroup;
			children = (
				95B10F972B331534005319F6 /* RequestProvider.swift */,
				957F3D112C57932300EA0AD2 /* NetworkResult.swift */,
				957F3D0F2C57931300EA0AD2 /* NetworkService.swift */,
				957F3D162C57952200EA0AD2 /* URLConst.swift */,
			);
			path = Network;
			sourceTree = "<group>";
		};
		957F3D1B2C57962000EA0AD2 /* TargetType */ = {
			isa = PBXGroup;
			children = (
				95B10F992B331545005319F6 /* TargetType+Extension.swift */,
			);
			path = TargetType;
			sourceTree = "<group>";
		};
		957F3D1C2C5796F600EA0AD2 /* UserDefault */ = {
			isa = PBXGroup;
			children = (
				957F3D1D2C57970000EA0AD2 /* UserDefault.swift */,
				957F3D1F2C57970700EA0AD2 /* UserDefaultHandler.swift */,
			);
			path = UserDefault;
			sourceTree = "<group>";
		};
		957F3D252C5798C200EA0AD2 /* Auth */ = {
			isa = PBXGroup;
			children = (
				957F3D262C5798CD00EA0AD2 /* AuthAPI.swift */,
				957F3D2A2C5798DE00EA0AD2 /* AuthService.swift */,
				957F3D282C5798D300EA0AD2 /* AuthResponse.swift */,
			);
			path = Auth;
			sourceTree = "<group>";
		};
		957F3D522C58ABF200EA0AD2 /* UIKit+Extension */ = {
			isa = PBXGroup;
			children = (
				957F3D542C58AC0800EA0AD2 /* UIView */,
				957F3D552C58AC1200EA0AD2 /* UITextField */,
				957F3CDC2C524B9800EA0AD2 /* UIButton+Extension.swift */,
				957F3CDB2C524B9800EA0AD2 /* UILabel+Extension.swift */,
				957F3CDA2C524B9800EA0AD2 /* UIStackView+Extension.swift */,
				956382F32B398AEB006B50ED /* UIColor+Extension.swift */,
			);
			path = "UIKit+Extension";
			sourceTree = "<group>";
		};
		957F3D532C58ABFF00EA0AD2 /* Route */ = {
			isa = PBXGroup;
			children = (
				2698646E2B3DC77F003FE9FB /* LineNumMap.swift */,
				26EFA29C2B4D9D9B003678C0 /* RouteData.swift */,
				26150E0E2B59433700E5059D /* Station.swift */,
				26150E102B59471E00E5059D /* SubRoute.swift */,
			);
			path = Route;
			sourceTree = "<group>";
		};
		957F3D542C58AC0800EA0AD2 /* UIView */ = {
			isa = PBXGroup;
			children = (
				957F3CDD2C524B9800EA0AD2 /* UIView+Extension.swift */,
				957F3D582C58AC5600EA0AD2 /* DividerView.swift */,
			);
			path = UIView;
			sourceTree = "<group>";
		};
		957F3D552C58AC1200EA0AD2 /* UITextField */ = {
			isa = PBXGroup;
			children = (
				957F3CDE2C524B9800EA0AD2 /* UITextField+Extension.swift */,
				957F3CEC2C53588100EA0AD2 /* SignUpTextField.swift */,
			);
			path = UITextField;
			sourceTree = "<group>";
		};
		957F3D5B2C58ACB800EA0AD2 /* Cell */ = {
			isa = PBXGroup;
			children = (
				957F3D5C2C58ACD200EA0AD2 /* MyRouteInfoTableViewCell.swift */,
			);
			path = Cell;
			sourceTree = "<group>";
		};
		957F3D612C58B75F00EA0AD2 /* Button */ = {
			isa = PBXGroup;
			children = (
				95B10FAA2B3315F5005319F6 /* BaseButton.swift */,
				26F3B4282B3C2B3800E7756F /* RouteButton.swift */,
				957F3D622C58B95100EA0AD2 /* StationSearchBarButton.swift */,
			);
			path = Button;
			sourceTree = "<group>";
		};
		95B10F6F2B331350005319F6 = {
			isa = PBXGroup;
			children = (
				95B10F7A2B331350005319F6 /* MAKAR */,
				95B10F792B331350005319F6 /* Products */,
				26D7C3F62C57DA35002127C1 /* Recovered References */,
			);
			sourceTree = "<group>";
		};
		95B10F792B331350005319F6 /* Products */ = {
			isa = PBXGroup;
			children = (
				95B10F782B331350005319F6 /* MAKAR.app */,
			);
			name = Products;
			sourceTree = "<group>";
		};
		95B10F7A2B331350005319F6 /* MAKAR */ = {
			isa = PBXGroup;
			children = (
				95B10F8F2B3314B8005319F6 /* Resource */,
				95B10F902B3314CF005319F6 /* Support */,
				956382F02B398551006B50ED /* Extension */,
				95B10F912B3314E7005319F6 /* Networking */,
				95B10F9C2B331572005319F6 /* Presentation */,
				95B10F9B2B331550005319F6 /* App */,
				95B10F862B331351005319F6 /* LaunchScreen.storyboard */,
			);
			path = MAKAR;
			sourceTree = "<group>";
		};
		95B10F8F2B3314B8005319F6 /* Resource */ = {
			isa = PBXGroup;
			children = (
				95B10F842B331351005319F6 /* Assets.xcassets */,
			);
			path = Resource;
			sourceTree = "<group>";
		};
		95B10F902B3314CF005319F6 /* Support */ = {
			isa = PBXGroup;
			children = (
				95B10F892B331351005319F6 /* Info.plist */,
			);
			path = Support;
			sourceTree = "<group>";
		};
		95B10F912B3314E7005319F6 /* Networking */ = {
			isa = PBXGroup;
			children = (
				262F82442C54C00F00C4440F /* Noti */,
				262F82412C54BBA200C4440F /* Route */,
				262F823E2C54BA8B00C4440F /* Station */,
				957F3D252C5798C200EA0AD2 /* Auth */,
				957F3D182C57958600EA0AD2 /* EtcResponse */,
				95B10F922B3314F2005319F6 /* Example */,
				957F3D192C5795A600EA0AD2 /* LoggerPlugin */,
				957F3D1A2C57961300EA0AD2 /* Network */,
				957F3D1B2C57962000EA0AD2 /* TargetType */,
			);
			path = Networking;
			sourceTree = "<group>";
		};
		95B10F922B3314F2005319F6 /* Example */ = {
			isa = PBXGroup;
			children = (
				95B10F932B331501005319F6 /* ExampleAPI.swift */,
				95B10F952B331519005319F6 /* ExampleRequest.swift */,
			);
			path = Example;
			sourceTree = "<group>";
		};
		95B10F9B2B331550005319F6 /* App */ = {
			isa = PBXGroup;
			children = (
				957F3D1C2C5796F600EA0AD2 /* UserDefault */,
				95B10F7B2B331350005319F6 /* AppDelegate.swift */,
				95B10F7D2B331350005319F6 /* SceneDelegate.swift */,
				95B10FAC2B33165C005319F6 /* AppDependency.swift */,
			);
			path = App;
			sourceTree = "<group>";
		};
		95B10F9C2B331572005319F6 /* Presentation */ = {
			isa = PBXGroup;
			children = (
				956382CE2B39787E006B50ED /* TabBar */,
				956382AB2B39752D006B50ED /* Splash */,
				95C3F93F2C4F7455001CEF8A /* Auth */,
				956382DA2B3979FC006B50ED /* Home */,
				956382D32B397957006B50ED /* MyRoute */,
				956382A92B3974FF006B50ED /* Notification */,
				956382AA2B39750B006B50ED /* MyPage */,
				956382DF2B397A11006B50ED /* Search */,
				95B10F9D2B331583005319F6 /* Example */,
				956382A82B3974ED006B50ED /* Timetable */,
			);
			path = Presentation;
			sourceTree = "<group>";
		};
		95B10F9D2B331583005319F6 /* Example */ = {
			isa = PBXGroup;
			children = (
				95B10F9F2B331596005319F6 /* Views */,
				95B10FA22B3315BB005319F6 /* ExampleViewController.swift */,
				95B10FA42B3315C7005319F6 /* ExampleRouter.swift */,
			);
			path = Example;
			sourceTree = "<group>";
		};
		95B10F9E2B331587005319F6 /* Base */ = {
			isa = PBXGroup;
			children = (
				267F3C462B3D6B2B00E3CD29 /* SearchStation */,
				95B10FA62B3315DD005319F6 /* BaseViewController.swift */,
				95B10FA82B3315EB005319F6 /* BaseView.swift */,
				956382F92B39A43E006B50ED /* BaseRouter.swift */,
				957F3D612C58B75F00EA0AD2 /* Button */,
			);
			path = Base;
			sourceTree = "<group>";
		};
		95B10F9F2B331596005319F6 /* Views */ = {
			isa = PBXGroup;
			children = (
				95B10FA02B3315A3005319F6 /* ExampleCustomView.swift */,
			);
			path = Views;
			sourceTree = "<group>";
		};
		95C3F93F2C4F7455001CEF8A /* Auth */ = {
			isa = PBXGroup;
			children = (
				95C3F9422C4F749A001CEF8A /* StartSignIn */,
				95C3F9402C4F7488001CEF8A /* SignIn */,
				95C3F9412C4F748F001CEF8A /* SignUp */,
			);
			path = Auth;
			sourceTree = "<group>";
		};
		95C3F9402C4F7488001CEF8A /* SignIn */ = {
			isa = PBXGroup;
			children = (
				95C3F9432C4F752A001CEF8A /* SignInView.swift */,
				95C3F9452C4F7536001CEF8A /* SignInViewController.swift */,
			);
			path = SignIn;
			sourceTree = "<group>";
		};
		95C3F9412C4F748F001CEF8A /* SignUp */ = {
			isa = PBXGroup;
			children = (
				95C3F9472C4F7541001CEF8A /* SignUpView.swift */,
				95C3F9492C4F754A001CEF8A /* SignUpViewController.swift */,
			);
			path = SignUp;
			sourceTree = "<group>";
		};
		95C3F9422C4F749A001CEF8A /* StartSignIn */ = {
			isa = PBXGroup;
			children = (
				956382B32B397581006B50ED /* StartSignInView.swift */,
				956382B52B39758A006B50ED /* StartSignInViewController.swift */,
			);
			path = StartSignIn;
			sourceTree = "<group>";
		};
/* End PBXGroup section */

/* Begin PBXNativeTarget section */
		95B10F772B331350005319F6 /* MAKAR */ = {
			isa = PBXNativeTarget;
			buildConfigurationList = 95B10F8C2B331351005319F6 /* Build configuration list for PBXNativeTarget "MAKAR" */;
			buildPhases = (
				95B10F742B331350005319F6 /* Sources */,
				95B10F752B331350005319F6 /* Frameworks */,
				95B10F762B331350005319F6 /* Resources */,
			);
			buildRules = (
			);
			dependencies = (
			);
			name = MAKAR;
			packageProductDependencies = (
				95B10FAF2B33169D005319F6 /* SnapKit */,
				95B10FB22B3316E5005319F6 /* Then */,
				95B10FB52B331716005319F6 /* Moya */,
				95A5D9DC2B58B4F8000A2A72 /* Toast */,
			);
			productName = MAKAR;
			productReference = 95B10F782B331350005319F6 /* MAKAR.app */;
			productType = "com.apple.product-type.application";
		};
/* End PBXNativeTarget section */

/* Begin PBXProject section */
		95B10F702B331350005319F6 /* Project object */ = {
			isa = PBXProject;
			attributes = {
				BuildIndependentTargetsInParallel = 1;
				LastSwiftUpdateCheck = 1430;
				LastUpgradeCheck = 1430;
				TargetAttributes = {
					95B10F772B331350005319F6 = {
						CreatedOnToolsVersion = 14.3.1;
					};
				};
			};
			buildConfigurationList = 95B10F732B331350005319F6 /* Build configuration list for PBXProject "MAKAR" */;
			compatibilityVersion = "Xcode 14.0";
			developmentRegion = en;
			hasScannedForEncodings = 0;
			knownRegions = (
				en,
				Base,
			);
			mainGroup = 95B10F6F2B331350005319F6;
			packageReferences = (
				95B10FAE2B33169D005319F6 /* XCRemoteSwiftPackageReference "SnapKit" */,
				95B10FB12B3316E5005319F6 /* XCRemoteSwiftPackageReference "Then" */,
				95B10FB42B331716005319F6 /* XCRemoteSwiftPackageReference "Moya" */,
				95A5D9DB2B58B4F8000A2A72 /* XCRemoteSwiftPackageReference "Toast-Swift" */,
			);
			productRefGroup = 95B10F792B331350005319F6 /* Products */;
			projectDirPath = "";
			projectRoot = "";
			targets = (
				95B10F772B331350005319F6 /* MAKAR */,
			);
		};
/* End PBXProject section */

/* Begin PBXResourcesBuildPhase section */
		95B10F762B331350005319F6 /* Resources */ = {
			isa = PBXResourcesBuildPhase;
			buildActionMask = 2147483647;
			files = (
				95B10F882B331351005319F6 /* LaunchScreen.storyboard in Resources */,
				95B10F852B331351005319F6 /* Assets.xcassets in Resources */,
				956382F62B398B72006B50ED /* MakarColor.xcassets in Resources */,
			);
			runOnlyForDeploymentPostprocessing = 0;
		};
/* End PBXResourcesBuildPhase section */

/* Begin PBXSourcesBuildPhase section */
		95B10F742B331350005319F6 /* Sources */ = {
			isa = PBXSourcesBuildPhase;
			buildActionMask = 2147483647;
			files = (
				956382C72B3975C7006B50ED /* MyPageViewController.swift in Sources */,
				26F3B4292B3C2B3800E7756F /* RouteButton.swift in Sources */,
				956382F22B39855E006B50ED /* ImageLiteral.swift in Sources */,
				26EFA29B2B4D65F1003678C0 /* RecentRouteCollectionViewCell.swift in Sources */,
				267F3C452B3D6AE300E3CD29 /* BaseSearchStationViewController.swift in Sources */,
				95C3F9542C4F8BE1001CEF8A /* (null) in Sources */,
				26A0EF312B5A90B3003E11D6 /* SubRouteTextView.swift in Sources */,
				956382DC2B397A07006B50ED /* HomeView.swift in Sources */,
				957F3CE12C524B9800EA0AD2 /* UIButton+Extension.swift in Sources */,
				267065302B3CA6E200F19EC3 /* SchoolSearchStationView.swift in Sources */,
				957F3D292C5798D300EA0AD2 /* AuthResponse.swift in Sources */,
				26EFA2982B4D5296003678C0 /* FavoriteRouteCollectionViewCell.swift in Sources */,
				26D7C4042C57DC11002127C1 /* RouteService.swift in Sources */,
				95C3F94A2C4F754A001CEF8A /* SignUpViewController.swift in Sources */,
				95B10FAB2B3315F5005319F6 /* BaseButton.swift in Sources */,
				956382E52B397A4D006B50ED /* SourceSearchStationViewController.swift in Sources */,
				95B10F982B331534005319F6 /* RequestProvider.swift in Sources */,
				95C3F9502C4F83CA001CEF8A /* (null) in Sources */,
				95C3F9522C4F881A001CEF8A /* (null) in Sources */,
				95C3F9562C50BEAD001CEF8A /* (null) in Sources */,
				956382D22B39789D006B50ED /* TabBarViewController.swift in Sources */,
				95B10FA52B3315C7005319F6 /* ExampleRouter.swift in Sources */,
				95C3F9442C4F752A001CEF8A /* SignInView.swift in Sources */,
				95C3F9482C4F7541001CEF8A /* SignUpView.swift in Sources */,
				957F3D172C57952200EA0AD2 /* URLConst.swift in Sources */,
				957F3CE02C524B9800EA0AD2 /* UILabel+Extension.swift in Sources */,
				26A0EF3C2B5D58CE003E11D6 /* FavoriteRouteTextView.swift in Sources */,
				267065262B3C997200F19EC3 /* FavoriteStationView.swift in Sources */,
				95C3F9462C4F7536001CEF8A /* SignInViewController.swift in Sources */,
				2647CE862B5006B8001208BE /* PushAlarmViewController.swift in Sources */,
				262F82402C54BA9900C4440F /* StationResponse.swift in Sources */,
				26E664752B3C4C20002579C1 /* SourceSearchStationView.swift in Sources */,
				95B10FA72B3315DD005319F6 /* BaseViewController.swift in Sources */,
				26D7C3FE2C57DBE7002127C1 /* NotiAPI.swift in Sources */,
				26150E112B59471E00E5059D /* SubRoute.swift in Sources */,
				956382C32B3975B7006B50ED /* NotificationViewController.swift in Sources */,
				262F82462C54C01A00C4440F /* NotiResponse.swift in Sources */,
				2670652C2B3CA6B100F19EC3 /* HomeSearchStationView.swift in Sources */,
				26D7C3FA2C57DBCA002127C1 /* StationAPI.swift in Sources */,
				2647CE892B500F35001208BE /* FavoriteRouteTableViewCell.swift in Sources */,
				957F3D142C57932C00EA0AD2 /* NetworkLoggerPlugin.swift in Sources */,
				95B10FA92B3315EB005319F6 /* BaseView.swift in Sources */,
				95B10F9A2B331545005319F6 /* TargetType+Extension.swift in Sources */,
				956382F42B398AEB006B50ED /* UIColor+Extension.swift in Sources */,
				95B10F942B331501005319F6 /* ExampleAPI.swift in Sources */,
				956382E92B397A66006B50ED /* SearchRouteViewController.swift in Sources */,
				95C3F94C2C4F776B001CEF8A /* (null) in Sources */,
				957F3D1E2C57970000EA0AD2 /* UserDefault.swift in Sources */,
				267065322B3CA70200F19EC3 /* SchoolSearchStationViewController.swift in Sources */,
				956382BD2B3975A1006B50ED /* TimetableView.swift in Sources */,
				26D7C3FC2C57DBDB002127C1 /* RouteAPI.swift in Sources */,
				95B10FAD2B33165C005319F6 /* AppDependency.swift in Sources */,
				26D7C4002C57DBF6002127C1 /* NotiService.swift in Sources */,
				26D7C4092C5817BF002127C1 /* Noti.swift in Sources */,
				957F3D0E2C57930600EA0AD2 /* BlankDataResponse.swift in Sources */,
				26A0EF3A2B5D2D2C003E11D6 /* ProgressView.swift in Sources */,
				95D0043B2B4BE220009D4DF3 /* MakarTableViewCell.swift in Sources */,
				956382FA2B39A43E006B50ED /* BaseRouter.swift in Sources */,
				956382E72B397A5A006B50ED /* SearchRouteView.swift in Sources */,
				26A0EF342B5AA1B8003E11D6 /* SearchRouteProgressView.swift in Sources */,
				26E664772B3C4CFA002579C1 /* DestinationSearchStationView.swift in Sources */,
				95B10FA12B3315A3005319F6 /* ExampleCustomView.swift in Sources */,
				957F3CE22C524B9800EA0AD2 /* UIView+Extension.swift in Sources */,
				26E664792B3C4D0A002579C1 /* DestinationSearchStationViewController.swift in Sources */,
				957F3D2B2C5798DE00EA0AD2 /* AuthService.swift in Sources */,
				957F3D632C58B95100EA0AD2 /* StationSearchBarButton.swift in Sources */,
				956382D52B397968006B50ED /* MyRouteView.swift in Sources */,
				957F3D202C57970700EA0AD2 /* UserDefaultHandler.swift in Sources */,
				956382B02B397570006B50ED /* SplashViewController.swift in Sources */,
				26D7C4022C57DC08002127C1 /* StationService.swift in Sources */,
				956382D72B397971006B50ED /* MyRouteViewController.swift in Sources */,
				957F3D0C2C5792FD00EA0AD2 /* ErrorResponse.swift in Sources */,
				267065282B3C998A00F19EC3 /* FavoriteStationViewController.swift in Sources */,
				956382DE2B397A0E006B50ED /* HomeViewController.swift in Sources */,
				957F3D592C58AC5600EA0AD2 /* DividerView.swift in Sources */,
				957F3CE52C524C4C00EA0AD2 /* Metric.swift in Sources */,
				95B10F7C2B331350005319F6 /* AppDelegate.swift in Sources */,
				956382BF2B3975A8006B50ED /* TimetableViewController.swift in Sources */,
				957F3CED2C53588100EA0AD2 /* SignUpTextField.swift in Sources */,
				956382C52B3975BE006B50ED /* MyPageView.swift in Sources */,
				957F3D272C5798CD00EA0AD2 /* AuthAPI.swift in Sources */,
				956382E32B397A43006B50ED /* BaseSearchStationView.swift in Sources */,
				26150E0F2B59433700E5059D /* Station.swift in Sources */,
				957F3D102C57931300EA0AD2 /* NetworkService.swift in Sources */,
				2698646F2B3DC77F003FE9FB /* LineNumMap.swift in Sources */,
				95B10F962B331519005319F6 /* ExampleRequest.swift in Sources */,
				957F3CDF2C524B9800EA0AD2 /* UIStackView+Extension.swift in Sources */,
				26EFA29D2B4D9D9B003678C0 /* RouteData.swift in Sources */,
				957F3D122C57932300EA0AD2 /* NetworkResult.swift in Sources */,
				95B10F7E2B331350005319F6 /* SceneDelegate.swift in Sources */,
				2647CE822B500677001208BE /* FavoriteRouteViewController.swift in Sources */,
				956382B62B39758A006B50ED /* StartSignInViewController.swift in Sources */,
				2670652E2B3CA6BC00F19EC3 /* HomeSearchStationViewController.swift in Sources */,
				95B10FA32B3315BB005319F6 /* ExampleViewController.swift in Sources */,
				957F3CE32C524B9800EA0AD2 /* UITextField+Extension.swift in Sources */,
				956382B42B397581006B50ED /* StartSignInView.swift in Sources */,
				956382AE2B397568006B50ED /* SplashView.swift in Sources */,
				26150E132B594BA000E5059D /* SearchRouteTableViewCell.swift in Sources */,
				95D0043D2B4BE358009D4DF3 /* MakarNotiView.swift in Sources */,
				957F3D5D2C58ACD200EA0AD2 /* MyRouteInfoTableViewCell.swift in Sources */,
				262F82432C54BBAC00C4440F /* RouteResponse.swift in Sources */,
			);
			runOnlyForDeploymentPostprocessing = 0;
		};
/* End PBXSourcesBuildPhase section */

/* Begin PBXVariantGroup section */
		95B10F862B331351005319F6 /* LaunchScreen.storyboard */ = {
			isa = PBXVariantGroup;
			children = (
				95B10F872B331351005319F6 /* Base */,
			);
			name = LaunchScreen.storyboard;
			sourceTree = "<group>";
		};
/* End PBXVariantGroup section */

/* Begin XCBuildConfiguration section */
		95B10F8A2B331351005319F6 /* Debug */ = {
			isa = XCBuildConfiguration;
			buildSettings = {
				ALWAYS_SEARCH_USER_PATHS = NO;
				CLANG_ANALYZER_NONNULL = YES;
				CLANG_ANALYZER_NUMBER_OBJECT_CONVERSION = YES_AGGRESSIVE;
				CLANG_CXX_LANGUAGE_STANDARD = "gnu++20";
				CLANG_ENABLE_MODULES = YES;
				CLANG_ENABLE_OBJC_ARC = YES;
				CLANG_ENABLE_OBJC_WEAK = YES;
				CLANG_WARN_BLOCK_CAPTURE_AUTORELEASING = YES;
				CLANG_WARN_BOOL_CONVERSION = YES;
				CLANG_WARN_COMMA = YES;
				CLANG_WARN_CONSTANT_CONVERSION = YES;
				CLANG_WARN_DEPRECATED_OBJC_IMPLEMENTATIONS = YES;
				CLANG_WARN_DIRECT_OBJC_ISA_USAGE = YES_ERROR;
				CLANG_WARN_DOCUMENTATION_COMMENTS = YES;
				CLANG_WARN_EMPTY_BODY = YES;
				CLANG_WARN_ENUM_CONVERSION = YES;
				CLANG_WARN_INFINITE_RECURSION = YES;
				CLANG_WARN_INT_CONVERSION = YES;
				CLANG_WARN_NON_LITERAL_NULL_CONVERSION = YES;
				CLANG_WARN_OBJC_IMPLICIT_RETAIN_SELF = YES;
				CLANG_WARN_OBJC_LITERAL_CONVERSION = YES;
				CLANG_WARN_OBJC_ROOT_CLASS = YES_ERROR;
				CLANG_WARN_QUOTED_INCLUDE_IN_FRAMEWORK_HEADER = YES;
				CLANG_WARN_RANGE_LOOP_ANALYSIS = YES;
				CLANG_WARN_STRICT_PROTOTYPES = YES;
				CLANG_WARN_SUSPICIOUS_MOVE = YES;
				CLANG_WARN_UNGUARDED_AVAILABILITY = YES_AGGRESSIVE;
				CLANG_WARN_UNREACHABLE_CODE = YES;
				CLANG_WARN__DUPLICATE_METHOD_MATCH = YES;
				COPY_PHASE_STRIP = NO;
				DEBUG_INFORMATION_FORMAT = dwarf;
				ENABLE_STRICT_OBJC_MSGSEND = YES;
				ENABLE_TESTABILITY = YES;
				GCC_C_LANGUAGE_STANDARD = gnu11;
				GCC_DYNAMIC_NO_PIC = NO;
				GCC_NO_COMMON_BLOCKS = YES;
				GCC_OPTIMIZATION_LEVEL = 0;
				GCC_PREPROCESSOR_DEFINITIONS = (
					"DEBUG=1",
					"$(inherited)",
				);
				GCC_WARN_64_TO_32_BIT_CONVERSION = YES;
				GCC_WARN_ABOUT_RETURN_TYPE = YES_ERROR;
				GCC_WARN_UNDECLARED_SELECTOR = YES;
				GCC_WARN_UNINITIALIZED_AUTOS = YES_AGGRESSIVE;
				GCC_WARN_UNUSED_FUNCTION = YES;
				GCC_WARN_UNUSED_VARIABLE = YES;
				IPHONEOS_DEPLOYMENT_TARGET = 16.4;
				MTL_ENABLE_DEBUG_INFO = INCLUDE_SOURCE;
				MTL_FAST_MATH = YES;
				ONLY_ACTIVE_ARCH = YES;
				SDKROOT = iphoneos;
				SWIFT_ACTIVE_COMPILATION_CONDITIONS = DEBUG;
				SWIFT_OPTIMIZATION_LEVEL = "-Onone";
			};
			name = Debug;
		};
		95B10F8B2B331351005319F6 /* Release */ = {
			isa = XCBuildConfiguration;
			buildSettings = {
				ALWAYS_SEARCH_USER_PATHS = NO;
				CLANG_ANALYZER_NONNULL = YES;
				CLANG_ANALYZER_NUMBER_OBJECT_CONVERSION = YES_AGGRESSIVE;
				CLANG_CXX_LANGUAGE_STANDARD = "gnu++20";
				CLANG_ENABLE_MODULES = YES;
				CLANG_ENABLE_OBJC_ARC = YES;
				CLANG_ENABLE_OBJC_WEAK = YES;
				CLANG_WARN_BLOCK_CAPTURE_AUTORELEASING = YES;
				CLANG_WARN_BOOL_CONVERSION = YES;
				CLANG_WARN_COMMA = YES;
				CLANG_WARN_CONSTANT_CONVERSION = YES;
				CLANG_WARN_DEPRECATED_OBJC_IMPLEMENTATIONS = YES;
				CLANG_WARN_DIRECT_OBJC_ISA_USAGE = YES_ERROR;
				CLANG_WARN_DOCUMENTATION_COMMENTS = YES;
				CLANG_WARN_EMPTY_BODY = YES;
				CLANG_WARN_ENUM_CONVERSION = YES;
				CLANG_WARN_INFINITE_RECURSION = YES;
				CLANG_WARN_INT_CONVERSION = YES;
				CLANG_WARN_NON_LITERAL_NULL_CONVERSION = YES;
				CLANG_WARN_OBJC_IMPLICIT_RETAIN_SELF = YES;
				CLANG_WARN_OBJC_LITERAL_CONVERSION = YES;
				CLANG_WARN_OBJC_ROOT_CLASS = YES_ERROR;
				CLANG_WARN_QUOTED_INCLUDE_IN_FRAMEWORK_HEADER = YES;
				CLANG_WARN_RANGE_LOOP_ANALYSIS = YES;
				CLANG_WARN_STRICT_PROTOTYPES = YES;
				CLANG_WARN_SUSPICIOUS_MOVE = YES;
				CLANG_WARN_UNGUARDED_AVAILABILITY = YES_AGGRESSIVE;
				CLANG_WARN_UNREACHABLE_CODE = YES;
				CLANG_WARN__DUPLICATE_METHOD_MATCH = YES;
				COPY_PHASE_STRIP = NO;
				DEBUG_INFORMATION_FORMAT = "dwarf-with-dsym";
				ENABLE_NS_ASSERTIONS = NO;
				ENABLE_STRICT_OBJC_MSGSEND = YES;
				GCC_C_LANGUAGE_STANDARD = gnu11;
				GCC_NO_COMMON_BLOCKS = YES;
				GCC_WARN_64_TO_32_BIT_CONVERSION = YES;
				GCC_WARN_ABOUT_RETURN_TYPE = YES_ERROR;
				GCC_WARN_UNDECLARED_SELECTOR = YES;
				GCC_WARN_UNINITIALIZED_AUTOS = YES_AGGRESSIVE;
				GCC_WARN_UNUSED_FUNCTION = YES;
				GCC_WARN_UNUSED_VARIABLE = YES;
				IPHONEOS_DEPLOYMENT_TARGET = 16.4;
				MTL_ENABLE_DEBUG_INFO = NO;
				MTL_FAST_MATH = YES;
				SDKROOT = iphoneos;
				SWIFT_COMPILATION_MODE = wholemodule;
				SWIFT_OPTIMIZATION_LEVEL = "-O";
				VALIDATE_PRODUCT = YES;
			};
			name = Release;
		};
		95B10F8D2B331351005319F6 /* Debug */ = {
			isa = XCBuildConfiguration;
			buildSettings = {
				ASSETCATALOG_COMPILER_APPICON_NAME = AppIcon;
				ASSETCATALOG_COMPILER_GLOBAL_ACCENT_COLOR_NAME = AccentColor;
				CODE_SIGN_STYLE = Automatic;
				CURRENT_PROJECT_VERSION = 1;
				GENERATE_INFOPLIST_FILE = YES;
				INFOPLIST_FILE = MAKAR/Support/Info.plist;
				INFOPLIST_KEY_UIApplicationSupportsIndirectInputEvents = YES;
				INFOPLIST_KEY_UILaunchStoryboardName = LaunchScreen;
				INFOPLIST_KEY_UISupportedInterfaceOrientations_iPad = "UIInterfaceOrientationPortrait UIInterfaceOrientationPortraitUpsideDown UIInterfaceOrientationLandscapeLeft UIInterfaceOrientationLandscapeRight";
				INFOPLIST_KEY_UISupportedInterfaceOrientations_iPhone = "UIInterfaceOrientationPortrait UIInterfaceOrientationLandscapeLeft UIInterfaceOrientationLandscapeRight";
				LD_RUNPATH_SEARCH_PATHS = (
					"$(inherited)",
					"@executable_path/Frameworks",
				);
				MARKETING_VERSION = 1.0;
				PRODUCT_BUNDLE_IDENTIFIER = jiyoon.MAKAR;
				PRODUCT_NAME = "$(TARGET_NAME)";
				SWIFT_EMIT_LOC_STRINGS = YES;
				SWIFT_VERSION = 5.0;
				TARGETED_DEVICE_FAMILY = "1,2";
			};
			name = Debug;
		};
		95B10F8E2B331351005319F6 /* Release */ = {
			isa = XCBuildConfiguration;
			buildSettings = {
				ASSETCATALOG_COMPILER_APPICON_NAME = AppIcon;
				ASSETCATALOG_COMPILER_GLOBAL_ACCENT_COLOR_NAME = AccentColor;
				CODE_SIGN_STYLE = Automatic;
				CURRENT_PROJECT_VERSION = 1;
				GENERATE_INFOPLIST_FILE = YES;
				INFOPLIST_FILE = MAKAR/Support/Info.plist;
				INFOPLIST_KEY_UIApplicationSupportsIndirectInputEvents = YES;
				INFOPLIST_KEY_UILaunchStoryboardName = LaunchScreen;
				INFOPLIST_KEY_UISupportedInterfaceOrientations_iPad = "UIInterfaceOrientationPortrait UIInterfaceOrientationPortraitUpsideDown UIInterfaceOrientationLandscapeLeft UIInterfaceOrientationLandscapeRight";
				INFOPLIST_KEY_UISupportedInterfaceOrientations_iPhone = "UIInterfaceOrientationPortrait UIInterfaceOrientationLandscapeLeft UIInterfaceOrientationLandscapeRight";
				LD_RUNPATH_SEARCH_PATHS = (
					"$(inherited)",
					"@executable_path/Frameworks",
				);
				MARKETING_VERSION = 1.0;
				PRODUCT_BUNDLE_IDENTIFIER = jiyoon.MAKAR;
				PRODUCT_NAME = "$(TARGET_NAME)";
				SWIFT_EMIT_LOC_STRINGS = YES;
				SWIFT_VERSION = 5.0;
				TARGETED_DEVICE_FAMILY = "1,2";
			};
			name = Release;
		};
/* End XCBuildConfiguration section */

/* Begin XCConfigurationList section */
		95B10F732B331350005319F6 /* Build configuration list for PBXProject "MAKAR" */ = {
			isa = XCConfigurationList;
			buildConfigurations = (
				95B10F8A2B331351005319F6 /* Debug */,
				95B10F8B2B331351005319F6 /* Release */,
			);
			defaultConfigurationIsVisible = 0;
			defaultConfigurationName = Release;
		};
		95B10F8C2B331351005319F6 /* Build configuration list for PBXNativeTarget "MAKAR" */ = {
			isa = XCConfigurationList;
			buildConfigurations = (
				95B10F8D2B331351005319F6 /* Debug */,
				95B10F8E2B331351005319F6 /* Release */,
			);
			defaultConfigurationIsVisible = 0;
			defaultConfigurationName = Release;
		};
/* End XCConfigurationList section */

/* Begin XCRemoteSwiftPackageReference section */
		95A5D9DB2B58B4F8000A2A72 /* XCRemoteSwiftPackageReference "Toast-Swift" */ = {
			isa = XCRemoteSwiftPackageReference;
			repositoryURL = "https://github.com/scalessec/Toast-Swift";
			requirement = {
				kind = upToNextMajorVersion;
				minimumVersion = 5.1.0;
			};
		};
		95B10FAE2B33169D005319F6 /* XCRemoteSwiftPackageReference "SnapKit" */ = {
			isa = XCRemoteSwiftPackageReference;
			repositoryURL = "https://github.com/SnapKit/SnapKit.git";
			requirement = {
				kind = upToNextMajorVersion;
				minimumVersion = 5.0.0;
			};
		};
		95B10FB12B3316E5005319F6 /* XCRemoteSwiftPackageReference "Then" */ = {
			isa = XCRemoteSwiftPackageReference;
			repositoryURL = "https://github.com/devxoul/Then";
			requirement = {
				kind = upToNextMajorVersion;
				minimumVersion = 3.0.0;
			};
		};
		95B10FB42B331716005319F6 /* XCRemoteSwiftPackageReference "Moya" */ = {
			isa = XCRemoteSwiftPackageReference;
			repositoryURL = "https://github.com/Moya/Moya.git";
			requirement = {
				kind = upToNextMajorVersion;
				minimumVersion = 15.0.0;
			};
		};
/* End XCRemoteSwiftPackageReference section */

/* Begin XCSwiftPackageProductDependency section */
		95A5D9DC2B58B4F8000A2A72 /* Toast */ = {
			isa = XCSwiftPackageProductDependency;
			package = 95A5D9DB2B58B4F8000A2A72 /* XCRemoteSwiftPackageReference "Toast-Swift" */;
			productName = Toast;
		};
		95B10FAF2B33169D005319F6 /* SnapKit */ = {
			isa = XCSwiftPackageProductDependency;
			package = 95B10FAE2B33169D005319F6 /* XCRemoteSwiftPackageReference "SnapKit" */;
			productName = SnapKit;
		};
		95B10FB22B3316E5005319F6 /* Then */ = {
			isa = XCSwiftPackageProductDependency;
			package = 95B10FB12B3316E5005319F6 /* XCRemoteSwiftPackageReference "Then" */;
			productName = Then;
		};
		95B10FB52B331716005319F6 /* Moya */ = {
			isa = XCSwiftPackageProductDependency;
			package = 95B10FB42B331716005319F6 /* XCRemoteSwiftPackageReference "Moya" */;
			productName = Moya;
		};
/* End XCSwiftPackageProductDependency section */
	};
	rootObject = 95B10F702B331350005319F6 /* Project object */;
}
